
Microsoft Visual Studio Solution File, Format Version 10.00
# Visual Studio 2008
Project("{8BC9CEB8-8B4A-11D0-8D11-00A0C91BC942}") = "20140303", "20140303\20140303.vcproj", "{057869E7-137C-413D-898D-4E38A1901DB7}"
EndProject
Global
	GlobalSection(SolutionConfigurationPlatforms) = preSolution
		Debug|Win32 = Debug|Win32
		Release|Win32 = Release|Win32
	EndGlobalSection
	GlobalSection(ProjectConfigurationPlatforms) = postSolution
		{057869E7-137C-413D-898D-4E38A1901DB7}.Debug|Win32.ActiveCfg = Debug|Win32
		{057869E7-137C-413D-898D-4E38A1901DB7}.Debug|Win32.Build.0 = Debug|Win32
		{057869E7-137C-413D-898D-4E38A1901DB7}.Release|Win32.ActiveCfg = Release|Win32
		{057869E7-137C-413D-898D-4E38A1901DB7}.Release|Win32.Build.0 = Release|Win32
	EndGlobalSection
	GlobalSection(SolutionProperties) = preSolution
		HideSolutionNode = FALSE
	EndGlobalSection
EndGlobal
