
Microsoft Visual Studio Solution File, Format Version 10.00
# Visual Studio 2008
Project("{8BC9CEB8-8B4A-11D0-8D11-00A0C91BC942}") = "20140308", "20140308\20140308.vcproj", "{6A4548EE-AD2D-470B-90DC-4340F9117DFC}"
EndProject
Global
	GlobalSection(SolutionConfigurationPlatforms) = preSolution
		Debug|Win32 = Debug|Win32
		Release|Win32 = Release|Win32
	EndGlobalSection
	GlobalSection(ProjectConfigurationPlatforms) = postSolution
		{6A4548EE-AD2D-470B-90DC-4340F9117DFC}.Debug|Win32.ActiveCfg = Debug|Win32
		{6A4548EE-AD2D-470B-90DC-4340F9117DFC}.Debug|Win32.Build.0 = Debug|Win32
		{6A4548EE-AD2D-470B-90DC-4340F9117DFC}.Release|Win32.ActiveCfg = Release|Win32
		{6A4548EE-AD2D-470B-90DC-4340F9117DFC}.Release|Win32.Build.0 = Release|Win32
	EndGlobalSection
	GlobalSection(SolutionProperties) = preSolution
		HideSolutionNode = FALSE
	EndGlobalSection
EndGlobal
