
Microsoft Visual Studio Solution File, Format Version 10.00
# Visual Studio 2008
Project("{8BC9CEB8-8B4A-11D0-8D11-00A0C91BC942}") = "20140305", "20140305\20140305.vcproj", "{AC966E36-44E3-48ED-9345-7D96808ED4AE}"
EndProject
Global
	GlobalSection(SolutionConfigurationPlatforms) = preSolution
		Debug|Win32 = Debug|Win32
		Release|Win32 = Release|Win32
	EndGlobalSection
	GlobalSection(ProjectConfigurationPlatforms) = postSolution
		{AC966E36-44E3-48ED-9345-7D96808ED4AE}.Debug|Win32.ActiveCfg = Debug|Win32
		{AC966E36-44E3-48ED-9345-7D96808ED4AE}.Debug|Win32.Build.0 = Debug|Win32
		{AC966E36-44E3-48ED-9345-7D96808ED4AE}.Release|Win32.ActiveCfg = Release|Win32
		{AC966E36-44E3-48ED-9345-7D96808ED4AE}.Release|Win32.Build.0 = Release|Win32
	EndGlobalSection
	GlobalSection(SolutionProperties) = preSolution
		HideSolutionNode = FALSE
	EndGlobalSection
EndGlobal
